
Microsoft Visual Studio Solution File, Format Version 11.00
# Visual C++ Express 2010
Project("{2150E333-8FDC-42A3-9474-1A3956D46DE8}") = "Solution Items", "Solution Items", "{05960519-D012-4AD0-AA31-FB6219156A51}"
EndProject
Project("{8BC9CEB8-8B4A-11D0-8D11-00A0C91BC942}") = "Kerr.Credentials", "Kerr.Credentials\Kerr.Credentials.vcxproj", "{70D20CAA-CC74-4679-B035-F9002ACB96DC}"
EndProject
Project("{FAE04EC0-301F-11D3-BF4B-00C04F79EFBC}") = "Kerr.Credentials.Tests", "Kerr.Credentials.Tests\Kerr.Credentials.Tests.csproj", "{2ACD6A68-314C-483A-9AA3-67CAD5ACCA7A}"
EndProject
Project("{FAE04EC0-301F-11D3-BF4B-00C04F79EFBC}") = "Kerr.CredentialSetManager", "Kerr.CredentialSetManager\Kerr.CredentialSetManager.csproj", "{E2266400-73B5-44A2-A81E-7D557FB56B03}"
EndProject
Project("{FAE04EC0-301F-11D3-BF4B-00C04F79EFBC}") = "Kerr.PromptBuilder", "Kerr.PromptBuilder\Kerr.PromptBuilder.csproj", "{42E7BA3E-C379-49FA-B80B-7F9370D5F62C}"
EndProject
Global
	GlobalSection(SolutionConfigurationPlatforms) = preSolution
		Debug|Any CPU = Debug|Any CPU
		Debug|Mixed Platforms = Debug|Mixed Platforms
		Debug|Win32 = Debug|Win32
		Debug|x86 = Debug|x86
		Release|Any CPU = Release|Any CPU
		Release|Mixed Platforms = Release|Mixed Platforms
		Release|Win32 = Release|Win32
		Release|x86 = Release|x86
	EndGlobalSection
	GlobalSection(ProjectConfigurationPlatforms) = postSolution
		{70D20CAA-CC74-4679-B035-F9002ACB96DC}.Debug|Any CPU.ActiveCfg = Debug|Win32
		{70D20CAA-CC74-4679-B035-F9002ACB96DC}.Debug|Mixed Platforms.ActiveCfg = Debug|Win32
		{70D20CAA-CC74-4679-B035-F9002ACB96DC}.Debug|Mixed Platforms.Build.0 = Debug|Win32
		{70D20CAA-CC74-4679-B035-F9002ACB96DC}.Debug|Win32.ActiveCfg = Debug|Win32
		{70D20CAA-CC74-4679-B035-F9002ACB96DC}.Debug|Win32.Build.0 = Debug|Win32
		{70D20CAA-CC74-4679-B035-F9002ACB96DC}.Debug|x86.ActiveCfg = Debug|Win32
		{70D20CAA-CC74-4679-B035-F9002ACB96DC}.Debug|x86.Build.0 = Debug|Win32
		{70D20CAA-CC74-4679-B035-F9002ACB96DC}.Release|Any CPU.ActiveCfg = Release|Win32
		{70D20CAA-CC74-4679-B035-F9002ACB96DC}.Release|Mixed Platforms.ActiveCfg = Release|Win32
		{70D20CAA-CC74-4679-B035-F9002ACB96DC}.Release|Mixed Platforms.Build.0 = Release|Win32
		{70D20CAA-CC74-4679-B035-F9002ACB96DC}.Release|Win32.ActiveCfg = Release|Win32
		{70D20CAA-CC74-4679-B035-F9002ACB96DC}.Release|Win32.Build.0 = Release|Win32
		{70D20CAA-CC74-4679-B035-F9002ACB96DC}.Release|x86.ActiveCfg = Release|Win32
		{70D20CAA-CC74-4679-B035-F9002ACB96DC}.Release|x86.Build.0 = Release|Win32
		{2ACD6A68-314C-483A-9AA3-67CAD5ACCA7A}.Debug|Any CPU.ActiveCfg = Debug|x86
		{2ACD6A68-314C-483A-9AA3-67CAD5ACCA7A}.Debug|Mixed Platforms.ActiveCfg = Debug|x86
		{2ACD6A68-314C-483A-9AA3-67CAD5ACCA7A}.Debug|Mixed Platforms.Build.0 = Debug|x86
		{2ACD6A68-314C-483A-9AA3-67CAD5ACCA7A}.Debug|Win32.ActiveCfg = Debug|x86
		{2ACD6A68-314C-483A-9AA3-67CAD5ACCA7A}.Debug|x86.ActiveCfg = Debug|x86
		{2ACD6A68-314C-483A-9AA3-67CAD5ACCA7A}.Debug|x86.Build.0 = Debug|x86
		{2ACD6A68-314C-483A-9AA3-67CAD5ACCA7A}.Release|Any CPU.ActiveCfg = Release|x86
		{2ACD6A68-314C-483A-9AA3-67CAD5ACCA7A}.Release|Mixed Platforms.ActiveCfg = Release|x86
		{2ACD6A68-314C-483A-9AA3-67CAD5ACCA7A}.Release|Mixed Platforms.Build.0 = Release|x86
		{2ACD6A68-314C-483A-9AA3-67CAD5ACCA7A}.Release|Win32.ActiveCfg = Release|x86
		{2ACD6A68-314C-483A-9AA3-67CAD5ACCA7A}.Release|x86.ActiveCfg = Release|x86
		{2ACD6A68-314C-483A-9AA3-67CAD5ACCA7A}.Release|x86.Build.0 = Release|x86
		{E2266400-73B5-44A2-A81E-7D557FB56B03}.Debug|Any CPU.ActiveCfg = Debug|x86
		{E2266400-73B5-44A2-A81E-7D557FB56B03}.Debug|Mixed Platforms.ActiveCfg = Debug|x86
		{E2266400-73B5-44A2-A81E-7D557FB56B03}.Debug|Mixed Platforms.Build.0 = Debug|x86
		{E2266400-73B5-44A2-A81E-7D557FB56B03}.Debug|Win32.ActiveCfg = Debug|x86
		{E2266400-73B5-44A2-A81E-7D557FB56B03}.Debug|x86.ActiveCfg = Debug|x86
		{E2266400-73B5-44A2-A81E-7D557FB56B03}.Debug|x86.Build.0 = Debug|x86
		{E2266400-73B5-44A2-A81E-7D557FB56B03}.Release|Any CPU.ActiveCfg = Release|x86
		{E2266400-73B5-44A2-A81E-7D557FB56B03}.Release|Mixed Platforms.ActiveCfg = Release|x86
		{E2266400-73B5-44A2-A81E-7D557FB56B03}.Release|Mixed Platforms.Build.0 = Release|x86
		{E2266400-73B5-44A2-A81E-7D557FB56B03}.Release|Win32.ActiveCfg = Release|x86
		{E2266400-73B5-44A2-A81E-7D557FB56B03}.Release|x86.ActiveCfg = Release|x86
		{E2266400-73B5-44A2-A81E-7D557FB56B03}.Release|x86.Build.0 = Release|x86
		{42E7BA3E-C379-49FA-B80B-7F9370D5F62C}.Debug|Any CPU.ActiveCfg = Debug|x86
		{42E7BA3E-C379-49FA-B80B-7F9370D5F62C}.Debug|Mixed Platforms.ActiveCfg = Debug|x86
		{42E7BA3E-C379-49FA-B80B-7F9370D5F62C}.Debug|Mixed Platforms.Build.0 = Debug|x86
		{42E7BA3E-C379-49FA-B80B-7F9370D5F62C}.Debug|Win32.ActiveCfg = Debug|x86
		{42E7BA3E-C379-49FA-B80B-7F9370D5F62C}.Debug|x86.ActiveCfg = Debug|x86
		{42E7BA3E-C379-49FA-B80B-7F9370D5F62C}.Debug|x86.Build.0 = Debug|x86
		{42E7BA3E-C379-49FA-B80B-7F9370D5F62C}.Release|Any CPU.ActiveCfg = Release|x86
		{42E7BA3E-C379-49FA-B80B-7F9370D5F62C}.Release|Mixed Platforms.ActiveCfg = Release|x86
		{42E7BA3E-C379-49FA-B80B-7F9370D5F62C}.Release|Mixed Platforms.Build.0 = Release|x86
		{42E7BA3E-C379-49FA-B80B-7F9370D5F62C}.Release|Win32.ActiveCfg = Release|x86
		{42E7BA3E-C379-49FA-B80B-7F9370D5F62C}.Release|x86.ActiveCfg = Release|x86
		{42E7BA3E-C379-49FA-B80B-7F9370D5F62C}.Release|x86.Build.0 = Release|x86
	EndGlobalSection
	GlobalSection(SolutionProperties) = preSolution
		HideSolutionNode = FALSE
	EndGlobalSection
	GlobalSection(TestCaseManagementSettings) = postSolution
		CategoryFile = Kerr.Credentials.vsmdi
	EndGlobalSection
EndGlobal
